
Microsoft Visual Studio Solution File, Format Version 12.00
# Visual Studio 15
VisualStudioVersion = 15.0.34112.143
MinimumVisualStudioVersion = 10.0.40219.1
Project("{8BC9CEB8-8B4A-11D0-8D11-00A0C91BC942}") = "6.19", "6.19\6.19.vcxproj", "{16BF3B9E-242B-4C2B-B146-6C67C74B5125}"
EndProject
Global
	GlobalSection(SolutionConfigurationPlatforms) = preSolution
		Debug|x64 = Debug|x64
		Debug|x86 = Debug|x86
		Release|x64 = Release|x64
		Release|x86 = Release|x86
	EndGlobalSection
	GlobalSection(ProjectConfigurationPlatforms) = postSolution
		{16BF3B9E-242B-4C2B-B146-6C67C74B5125}.Debug|x64.ActiveCfg = Debug|x64
		{16BF3B9E-242B-4C2B-B146-6C67C74B5125}.Debug|x64.Build.0 = Debug|x64
		{16BF3B9E-242B-4C2B-B146-6C67C74B5125}.Debug|x86.ActiveCfg = Debug|Win32
		{16BF3B9E-242B-4C2B-B146-6C67C74B5125}.Debug|x86.Build.0 = Debug|Win32
		{16BF3B9E-242B-4C2B-B146-6C67C74B5125}.Release|x64.ActiveCfg = Release|x64
		{16BF3B9E-242B-4C2B-B146-6C67C74B5125}.Release|x64.Build.0 = Release|x64
		{16BF3B9E-242B-4C2B-B146-6C67C74B5125}.Release|x86.ActiveCfg = Release|Win32
		{16BF3B9E-242B-4C2B-B146-6C67C74B5125}.Release|x86.Build.0 = Release|Win32
	EndGlobalSection
	GlobalSection(SolutionProperties) = preSolution
		HideSolutionNode = FALSE
	EndGlobalSection
	GlobalSection(ExtensibilityGlobals) = postSolution
		SolutionGuid = {46E72E55-4338-4553-9AA1-F747DDE498AF}
	EndGlobalSection
EndGlobal
